
Microsoft Visual Studio Solution File, Format Version 12.00
# Visual Studio Version 17
VisualStudioVersion = 17.10.35013.160
MinimumVisualStudioVersion = 10.0.40219.1
Project("{FAE04EC0-301F-11D3-BF4B-00C04F79EFBC}") = "ArbolesGenerales", "ArbolesGenerales\ArbolesGenerales.csproj", "{8A274BB8-D76A-45A4-986C-EA965F45A30E}"
EndProject
Global
	GlobalSection(SolutionConfigurationPlatforms) = preSolution
		Debug|Any CPU = Debug|Any CPU
		Release|Any CPU = Release|Any CPU
	EndGlobalSection
	GlobalSection(ProjectConfigurationPlatforms) = postSolution
		{8A274BB8-D76A-45A4-986C-EA965F45A30E}.Debug|Any CPU.ActiveCfg = Debug|Any CPU
		{8A274BB8-D76A-45A4-986C-EA965F45A30E}.Debug|Any CPU.Build.0 = Debug|Any CPU
		{8A274BB8-D76A-45A4-986C-EA965F45A30E}.Release|Any CPU.ActiveCfg = Release|Any CPU
		{8A274BB8-D76A-45A4-986C-EA965F45A30E}.Release|Any CPU.Build.0 = Release|Any CPU
	EndGlobalSection
	GlobalSection(SolutionProperties) = preSolution
		HideSolutionNode = FALSE
	EndGlobalSection
	GlobalSection(ExtensibilityGlobals) = postSolution
		SolutionGuid = {456CB217-95B3-460F-8780-3E7EEADE5701}
	EndGlobalSection
EndGlobal
